
Microsoft Visual Studio Solution File, Format Version 12.00
# Visual Studio 2013
VisualStudioVersion = 12.0.31101.0
MinimumVisualStudioVersion = 10.0.40219.1
Project("{FAE04EC0-301F-11D3-BF4B-00C04F79EFBC}") = "ArxOne.Ftp", "ArxOne.Ftp\ArxOne.Ftp.csproj", "{2FFE845D-2E4F-440E-8B9F-17AFCB9D166B}"
EndProject
Project("{FAE04EC0-301F-11D3-BF4B-00C04F79EFBC}") = "ArxOne.FtpTest", "ArxOne.FtpTest\ArxOne.FtpTest.csproj", "{DDC0C209-811B-4D40-AB8B-EB04A38EE99C}"
EndProject
Project("{2150E333-8FDC-42A3-9474-1A3956D46DE8}") = ".nuget", ".nuget", "{28518DEC-7105-4F4B-B94F-A29675ED5BCE}"
	ProjectSection(SolutionItems) = preProject
		.nuget\NuGet.Config = .nuget\NuGet.Config
		.nuget\NuGet.exe = .nuget\NuGet.exe
		.nuget\NuGet.targets = .nuget\NuGet.targets
	EndProjectSection
EndProject
Project("{2150E333-8FDC-42A3-9474-1A3956D46DE8}") = "Icon", "Icon", "{6DF56731-02D8-4187-B177-822162DC81AE}"
	ProjectSection(SolutionItems) = preProject
		Icon\ArxOne.Ftp.ai = Icon\ArxOne.Ftp.ai
		Icon\ArxOne.Ftp.png = Icon\ArxOne.Ftp.png
	EndProjectSection
EndProject
Project("{2150E333-8FDC-42A3-9474-1A3956D46DE8}") = "Solution Items", "Solution Items", "{1832B687-7669-487F-81F7-4B19EA61EE6C}"
	ProjectSection(SolutionItems) = preProject
		credentials.txt = credentials.txt
	EndProjectSection
EndProject
Global
	GlobalSection(SolutionConfigurationPlatforms) = preSolution
		Debug|Any CPU = Debug|Any CPU
		Release - plain|Any CPU = Release - plain|Any CPU
		Release|Any CPU = Release|Any CPU
	EndGlobalSection
	GlobalSection(ProjectConfigurationPlatforms) = postSolution
		{2FFE845D-2E4F-440E-8B9F-17AFCB9D166B}.Debug|Any CPU.ActiveCfg = Debug|Any CPU
		{2FFE845D-2E4F-440E-8B9F-17AFCB9D166B}.Debug|Any CPU.Build.0 = Debug|Any CPU
		{2FFE845D-2E4F-440E-8B9F-17AFCB9D166B}.Release - plain|Any CPU.ActiveCfg = Release|Any CPU
		{2FFE845D-2E4F-440E-8B9F-17AFCB9D166B}.Release - plain|Any CPU.Build.0 = Release|Any CPU
		{2FFE845D-2E4F-440E-8B9F-17AFCB9D166B}.Release|Any CPU.ActiveCfg = Release|Any CPU
		{2FFE845D-2E4F-440E-8B9F-17AFCB9D166B}.Release|Any CPU.Build.0 = Release|Any CPU
		{DDC0C209-811B-4D40-AB8B-EB04A38EE99C}.Debug|Any CPU.ActiveCfg = Debug|Any CPU
		{DDC0C209-811B-4D40-AB8B-EB04A38EE99C}.Debug|Any CPU.Build.0 = Debug|Any CPU
		{DDC0C209-811B-4D40-AB8B-EB04A38EE99C}.Release - plain|Any CPU.ActiveCfg = Release|Any CPU
		{DDC0C209-811B-4D40-AB8B-EB04A38EE99C}.Release - plain|Any CPU.Build.0 = Release|Any CPU
		{DDC0C209-811B-4D40-AB8B-EB04A38EE99C}.Release|Any CPU.ActiveCfg = Release|Any CPU
		{DDC0C209-811B-4D40-AB8B-EB04A38EE99C}.Release|Any CPU.Build.0 = Release|Any CPU
	EndGlobalSection
	GlobalSection(SolutionProperties) = preSolution
		HideSolutionNode = FALSE
	EndGlobalSection
EndGlobal
